// !$*UTF8*$!
{
	archiveVersion = 1;
	classes = {
	};
	objectVersion = 56;
	objects = {

/* Begin PBXBuildFile section */
		EE6E720B2B6C9C650012BF9E /* ProgressBar.swift in Sources */ = {isa = PBXBuildFile; fileRef = EE6E720A2B6C9C650012BF9E /* ProgressBar.swift */; };
		EE6E720D2B6CAB210012BF9E /* PepperGraphic.swift in Sources */ = {isa = PBXBuildFile; fileRef = EE6E720C2B6CAB210012BF9E /* PepperGraphic.swift */; };
		EE6E72152B6DEAAC0012BF9E /* CompletedDishView.swift in Sources */ = {isa = PBXBuildFile; fileRef = EE6E72142B6DEAAC0012BF9E /* CompletedDishView.swift */; };
		EE6E72192B6DF83E0012BF9E /* NavigationTarget.swift in Sources */ = {isa = PBXBuildFile; fileRef = EE6E72182B6DF83E0012BF9E /* NavigationTarget.swift */; };
		EEC0C31B2B69E7180094E043 /* Assets.xcassets in Resources */ = {isa = PBXBuildFile; fileRef = EEC0C31A2B69E7180094E043 /* Assets.xcassets */; };
		EEC0C3212B69E7190094E043 /* ChefyBeta MessagesExtension.appex in Embed Foundation Extensions */ = {isa = PBXBuildFile; fileRef = EEC0C3202B69E7190094E043 /* ChefyBeta MessagesExtension.appex */; settings = {ATTRIBUTES = (RemoveHeadersOnCopy, ); }; };
		EEC0C3262B69E7190094E043 /* Messages.framework in Frameworks */ = {isa = PBXBuildFile; fileRef = EEC0C3252B69E7190094E043 /* Messages.framework */; };
		EEC0C3292B69E7190094E043 /* MessagesViewController.swift in Sources */ = {isa = PBXBuildFile; fileRef = EEC0C3282B69E7190094E043 /* MessagesViewController.swift */; };
		EEC0C32E2B69E71E0094E043 /* Assets.xcassets in Resources */ = {isa = PBXBuildFile; fileRef = EEC0C32D2B69E71E0094E043 /* Assets.xcassets */; };
		EEC0C33A2B69E82D0094E043 /* ContentView.swift in Sources */ = {isa = PBXBuildFile; fileRef = EEC0C3392B69E82D0094E043 /* ContentView.swift */; };
		EEC0C33C2B69E8480094E043 /* DetailView.swift in Sources */ = {isa = PBXBuildFile; fileRef = EEC0C33B2B69E8480094E043 /* DetailView.swift */; };
		EEC0C33E2B69E8600094E043 /* ImageItem.swift in Sources */ = {isa = PBXBuildFile; fileRef = EEC0C33D2B69E8600094E043 /* ImageItem.swift */; };
		EEC0C3402B69E8850094E043 /* ToolbarView.swift in Sources */ = {isa = PBXBuildFile; fileRef = EEC0C33F2B69E8850094E043 /* ToolbarView.swift */; };
		EEC0C3422B69E8980094E043 /* SteakGameView.swift in Sources */ = {isa = PBXBuildFile; fileRef = EEC0C3412B69E8980094E043 /* SteakGameView.swift */; };
		EEF9BB562B6C495D002EA1BD /* MessageHandler.swift in Sources */ = {isa = PBXBuildFile; fileRef = EEF9BB552B6C495D002EA1BD /* MessageHandler.swift */; };
/* End PBXBuildFile section */

/* Begin PBXContainerItemProxy section */
		EEC0C3222B69E7190094E043 /* PBXContainerItemProxy */ = {
			isa = PBXContainerItemProxy;
			containerPortal = EEC0C3112B69E7120094E043 /* Project object */;
			proxyType = 1;
			remoteGlobalIDString = EEC0C31F2B69E7190094E043;
			remoteInfo = "ChefyBeta MessagesExtension";
		};
/* End PBXContainerItemProxy section */

/* Begin PBXCopyFilesBuildPhase section */
		EEC0C3352B69E71E0094E043 /* Embed Foundation Extensions */ = {
			isa = PBXCopyFilesBuildPhase;
			buildActionMask = 2147483647;
			dstPath = "";
			dstSubfolderSpec = 13;
			files = (
				EEC0C3212B69E7190094E043 /* ChefyBeta MessagesExtension.appex in Embed Foundation Extensions */,
			);
			name = "Embed Foundation Extensions";
			runOnlyForDeploymentPostprocessing = 0;
		};
/* End PBXCopyFilesBuildPhase section */

/* Begin PBXFileReference section */
		EE6E720A2B6C9C650012BF9E /* ProgressBar.swift */ = {isa = PBXFileReference; lastKnownFileType = sourcecode.swift; path = ProgressBar.swift; sourceTree = "<group>"; };
		EE6E720C2B6CAB210012BF9E /* PepperGraphic.swift */ = {isa = PBXFileReference; lastKnownFileType = sourcecode.swift; path = PepperGraphic.swift; sourceTree = "<group>"; };
		EE6E72142B6DEAAC0012BF9E /* CompletedDishView.swift */ = {isa = PBXFileReference; lastKnownFileType = sourcecode.swift; path = CompletedDishView.swift; sourceTree = "<group>"; };
		EE6E72182B6DF83E0012BF9E /* NavigationTarget.swift */ = {isa = PBXFileReference; lastKnownFileType = sourcecode.swift; path = NavigationTarget.swift; sourceTree = "<group>"; };
		EEC0C3172B69E7120094E043 /* ChefyBeta.app */ = {isa = PBXFileReference; explicitFileType = wrapper.application; includeInIndex = 0; path = ChefyBeta.app; sourceTree = BUILT_PRODUCTS_DIR; };
		EEC0C31A2B69E7180094E043 /* Assets.xcassets */ = {isa = PBXFileReference; lastKnownFileType = folder.assetcatalog; path = Assets.xcassets; sourceTree = "<group>"; };
		EEC0C3202B69E7190094E043 /* ChefyBeta MessagesExtension.appex */ = {isa = PBXFileReference; explicitFileType = "wrapper.app-extension"; includeInIndex = 0; path = "ChefyBeta MessagesExtension.appex"; sourceTree = BUILT_PRODUCTS_DIR; };
		EEC0C3252B69E7190094E043 /* Messages.framework */ = {isa = PBXFileReference; lastKnownFileType = wrapper.framework; name = Messages.framework; path = System/Library/Frameworks/Messages.framework; sourceTree = SDKROOT; };
		EEC0C3282B69E7190094E043 /* MessagesViewController.swift */ = {isa = PBXFileReference; lastKnownFileType = sourcecode.swift; path = MessagesViewController.swift; sourceTree = "<group>"; };
		EEC0C32D2B69E71E0094E043 /* Assets.xcassets */ = {isa = PBXFileReference; lastKnownFileType = folder.assetcatalog; path = Assets.xcassets; sourceTree = "<group>"; };
		EEC0C32F2B69E71E0094E043 /* Info.plist */ = {isa = PBXFileReference; lastKnownFileType = text.plist.xml; path = Info.plist; sourceTree = "<group>"; };
		EEC0C3392B69E82D0094E043 /* ContentView.swift */ = {isa = PBXFileReference; lastKnownFileType = sourcecode.swift; path = ContentView.swift; sourceTree = "<group>"; };
		EEC0C33B2B69E8480094E043 /* DetailView.swift */ = {isa = PBXFileReference; lastKnownFileType = sourcecode.swift; path = DetailView.swift; sourceTree = "<group>"; };
		EEC0C33D2B69E8600094E043 /* ImageItem.swift */ = {isa = PBXFileReference; lastKnownFileType = sourcecode.swift; path = ImageItem.swift; sourceTree = "<group>"; };
		EEC0C33F2B69E8850094E043 /* ToolbarView.swift */ = {isa = PBXFileReference; lastKnownFileType = sourcecode.swift; path = ToolbarView.swift; sourceTree = "<group>"; };
		EEC0C3412B69E8980094E043 /* SteakGameView.swift */ = {isa = PBXFileReference; lastKnownFileType = sourcecode.swift; path = SteakGameView.swift; sourceTree = "<group>"; };
		EEF9BB552B6C495D002EA1BD /* MessageHandler.swift */ = {isa = PBXFileReference; lastKnownFileType = sourcecode.swift; path = MessageHandler.swift; sourceTree = "<group>"; };
/* End PBXFileReference section */

/* Begin PBXFrameworksBuildPhase section */
		EEC0C31D2B69E7190094E043 /* Frameworks */ = {
			isa = PBXFrameworksBuildPhase;
			buildActionMask = 2147483647;
			files = (
				EEC0C3262B69E7190094E043 /* Messages.framework in Frameworks */,
			);
			runOnlyForDeploymentPostprocessing = 0;
		};
/* End PBXFrameworksBuildPhase section */

/* Begin PBXGroup section */
		EE6E721B2B6F1E100012BF9E /* BeefWell */ = {
			isa = PBXGroup;
			children = (
				EEC0C3412B69E8980094E043 /* SteakGameView.swift */,
			);
			path = BeefWell;
			sourceTree = "<group>";
		};
		EEC0C3102B69E7120094E043 = {
			isa = PBXGroup;
			children = (
				EEC0C3192B69E7120094E043 /* ChefyBeta */,
				EEC0C3272B69E7190094E043 /* ChefyBeta MessagesExtension */,
				EEC0C3242B69E7190094E043 /* Frameworks */,
				EEC0C3182B69E7120094E043 /* Products */,
			);
			sourceTree = "<group>";
		};
		EEC0C3182B69E7120094E043 /* Products */ = {
			isa = PBXGroup;
			children = (
				EEC0C3172B69E7120094E043 /* ChefyBeta.app */,
				EEC0C3202B69E7190094E043 /* ChefyBeta MessagesExtension.appex */,
			);
			name = Products;
			sourceTree = "<group>";
		};
		EEC0C3192B69E7120094E043 /* ChefyBeta */ = {
			isa = PBXGroup;
			children = (
				EEC0C31A2B69E7180094E043 /* Assets.xcassets */,
			);
			path = ChefyBeta;
			sourceTree = "<group>";
		};
		EEC0C3242B69E7190094E043 /* Frameworks */ = {
			isa = PBXGroup;
			children = (
				EEC0C3252B69E7190094E043 /* Messages.framework */,
			);
			name = Frameworks;
			sourceTree = "<group>";
		};
		EEC0C3272B69E7190094E043 /* ChefyBeta MessagesExtension */ = {
			isa = PBXGroup;
			children = (
				EEC0C3282B69E7190094E043 /* MessagesViewController.swift */,
				EEC0C3392B69E82D0094E043 /* ContentView.swift */,
				EEC0C33B2B69E8480094E043 /* DetailView.swift */,
				EEF9BB552B6C495D002EA1BD /* MessageHandler.swift */,
				EEC0C33D2B69E8600094E043 /* ImageItem.swift */,
				EE6E720C2B6CAB210012BF9E /* PepperGraphic.swift */,
				EEC0C33F2B69E8850094E043 /* ToolbarView.swift */,
				EE6E721B2B6F1E100012BF9E /* BeefWell */,
				EE6E72182B6DF83E0012BF9E /* NavigationTarget.swift */,
				EE6E72142B6DEAAC0012BF9E /* CompletedDishView.swift */,
				EE6E720A2B6C9C650012BF9E /* ProgressBar.swift */,
				EEC0C32D2B69E71E0094E043 /* Assets.xcassets */,
				EEC0C32F2B69E71E0094E043 /* Info.plist */,
			);
			path = "ChefyBeta MessagesExtension";
			sourceTree = "<group>";
		};
/* End PBXGroup section */

/* Begin PBXNativeTarget section */
		EEC0C3162B69E7120094E043 /* ChefyBeta */ = {
			isa = PBXNativeTarget;
			buildConfigurationList = EEC0C3362B69E71E0094E043 /* Build configuration list for PBXNativeTarget "ChefyBeta" */;
			buildPhases = (
				EEC0C3152B69E7120094E043 /* Resources */,
				EEC0C3352B69E71E0094E043 /* Embed Foundation Extensions */,
			);
			buildRules = (
			);
			dependencies = (
				EEC0C3232B69E7190094E043 /* PBXTargetDependency */,
			);
			name = ChefyBeta;
			productName = ChefyBeta;
			productReference = EEC0C3172B69E7120094E043 /* ChefyBeta.app */;
			productType = "com.apple.product-type.application.messages";
		};
		EEC0C31F2B69E7190094E043 /* ChefyBeta MessagesExtension */ = {
			isa = PBXNativeTarget;
			buildConfigurationList = EEC0C3322B69E71E0094E043 /* Build configuration list for PBXNativeTarget "ChefyBeta MessagesExtension" */;
			buildPhases = (
				EEC0C31C2B69E7190094E043 /* Sources */,
				EEC0C31D2B69E7190094E043 /* Frameworks */,
				EEC0C31E2B69E7190094E043 /* Resources */,
			);
			buildRules = (
			);
			dependencies = (
			);
			name = "ChefyBeta MessagesExtension";
			productName = "ChefyBeta MessagesExtension";
			productReference = EEC0C3202B69E7190094E043 /* ChefyBeta MessagesExtension.appex */;
			productType = "com.apple.product-type.app-extension.messages";
		};
/* End PBXNativeTarget section */

/* Begin PBXProject section */
		EEC0C3112B69E7120094E043 /* Project object */ = {
			isa = PBXProject;
			attributes = {
				BuildIndependentTargetsInParallel = 1;
				LastSwiftUpdateCheck = 1520;
				LastUpgradeCheck = 1520;
				TargetAttributes = {
					EEC0C3162B69E7120094E043 = {
						CreatedOnToolsVersion = 15.2;
					};
					EEC0C31F2B69E7190094E043 = {
						CreatedOnToolsVersion = 15.2;
					};
				};
			};
			buildConfigurationList = EEC0C3142B69E7120094E043 /* Build configuration list for PBXProject "ChefyBeta" */;
			compatibilityVersion = "Xcode 14.0";
			developmentRegion = en;
			hasScannedForEncodings = 0;
			knownRegions = (
				en,
				Base,
			);
			mainGroup = EEC0C3102B69E7120094E043;
			productRefGroup = EEC0C3182B69E7120094E043 /* Products */;
			projectDirPath = "";
			projectRoot = "";
			targets = (
				EEC0C3162B69E7120094E043 /* ChefyBeta */,
				EEC0C31F2B69E7190094E043 /* ChefyBeta MessagesExtension */,
			);
		};
/* End PBXProject section */

/* Begin PBXResourcesBuildPhase section */
		EEC0C3152B69E7120094E043 /* Resources */ = {
			isa = PBXResourcesBuildPhase;
			buildActionMask = 2147483647;
			files = (
				EEC0C31B2B69E7180094E043 /* Assets.xcassets in Resources */,
			);
			runOnlyForDeploymentPostprocessing = 0;
		};
		EEC0C31E2B69E7190094E043 /* Resources */ = {
			isa = PBXResourcesBuildPhase;
			buildActionMask = 2147483647;
			files = (
				EEC0C32E2B69E71E0094E043 /* Assets.xcassets in Resources */,
			);
			runOnlyForDeploymentPostprocessing = 0;
		};
/* End PBXResourcesBuildPhase section */

/* Begin PBXSourcesBuildPhase section */
		EEC0C31C2B69E7190094E043 /* Sources */ = {
			isa = PBXSourcesBuildPhase;
			buildActionMask = 2147483647;
			files = (
				EE6E720D2B6CAB210012BF9E /* PepperGraphic.swift in Sources */,
				EEC0C33E2B69E8600094E043 /* ImageItem.swift in Sources */,
				EE6E72192B6DF83E0012BF9E /* NavigationTarget.swift in Sources */,
				EEC0C3402B69E8850094E043 /* ToolbarView.swift in Sources */,
				EEF9BB562B6C495D002EA1BD /* MessageHandler.swift in Sources */,
				EEC0C33A2B69E82D0094E043 /* ContentView.swift in Sources */,
				EEC0C33C2B69E8480094E043 /* DetailView.swift in Sources */,
				EE6E72152B6DEAAC0012BF9E /* CompletedDishView.swift in Sources */,
				EEC0C3422B69E8980094E043 /* SteakGameView.swift in Sources */,
				EE6E720B2B6C9C650012BF9E /* ProgressBar.swift in Sources */,
				EEC0C3292B69E7190094E043 /* MessagesViewController.swift in Sources */,
			);
			runOnlyForDeploymentPostprocessing = 0;
		};
/* End PBXSourcesBuildPhase section */

/* Begin PBXTargetDependency section */
		EEC0C3232B69E7190094E043 /* PBXTargetDependency */ = {
			isa = PBXTargetDependency;
			target = EEC0C31F2B69E7190094E043 /* ChefyBeta MessagesExtension */;
			targetProxy = EEC0C3222B69E7190094E043 /* PBXContainerItemProxy */;
		};
/* End PBXTargetDependency section */

/* Begin XCBuildConfiguration section */
		EEC0C3302B69E71E0094E043 /* Debug */ = {
			isa = XCBuildConfiguration;
			buildSettings = {
				ALWAYS_SEARCH_USER_PATHS = NO;
				ASSETCATALOG_COMPILER_GENERATE_SWIFT_ASSET_SYMBOL_EXTENSIONS = YES;
				CLANG_ANALYZER_NONNULL = YES;
				CLANG_ANALYZER_NUMBER_OBJECT_CONVERSION = YES_AGGRESSIVE;
				CLANG_CXX_LANGUAGE_STANDARD = "gnu++20";
				CLANG_ENABLE_MODULES = YES;
				CLANG_ENABLE_OBJC_ARC = YES;
				CLANG_ENABLE_OBJC_WEAK = YES;
				CLANG_WARN_BLOCK_CAPTURE_AUTORELEASING = YES;
				CLANG_WARN_BOOL_CONVERSION = YES;
				CLANG_WARN_COMMA = YES;
				CLANG_WARN_CONSTANT_CONVERSION = YES;
				CLANG_WARN_DEPRECATED_OBJC_IMPLEMENTATIONS = YES;
				CLANG_WARN_DIRECT_OBJC_ISA_USAGE = YES_ERROR;
				CLANG_WARN_DOCUMENTATION_COMMENTS = YES;
				CLANG_WARN_EMPTY_BODY = YES;
				CLANG_WARN_ENUM_CONVERSION = YES;
				CLANG_WARN_INFINITE_RECURSION = YES;
				CLANG_WARN_INT_CONVERSION = YES;
				CLANG_WARN_NON_LITERAL_NULL_CONVERSION = YES;
				CLANG_WARN_OBJC_IMPLICIT_RETAIN_SELF = YES;
				CLANG_WARN_OBJC_LITERAL_CONVERSION = YES;
				CLANG_WARN_OBJC_ROOT_CLASS = YES_ERROR;
				CLANG_WARN_QUOTED_INCLUDE_IN_FRAMEWORK_HEADER = YES;
				CLANG_WARN_RANGE_LOOP_ANALYSIS = YES;
				CLANG_WARN_STRICT_PROTOTYPES = YES;
				CLANG_WARN_SUSPICIOUS_MOVE = YES;
				CLANG_WARN_UNGUARDED_AVAILABILITY = YES_AGGRESSIVE;
				CLANG_WARN_UNREACHABLE_CODE = YES;
				CLANG_WARN__DUPLICATE_METHOD_MATCH = YES;
				COPY_PHASE_STRIP = NO;
				DEBUG_INFORMATION_FORMAT = dwarf;
				ENABLE_STRICT_OBJC_MSGSEND = YES;
				ENABLE_TESTABILITY = YES;
				ENABLE_USER_SCRIPT_SANDBOXING = YES;
				GCC_C_LANGUAGE_STANDARD = gnu17;
				GCC_DYNAMIC_NO_PIC = NO;
				GCC_NO_COMMON_BLOCKS = YES;
				GCC_OPTIMIZATION_LEVEL = 0;
				GCC_PREPROCESSOR_DEFINITIONS = (
					"DEBUG=1",
					"$(inherited)",
				);
				GCC_WARN_64_TO_32_BIT_CONVERSION = YES;
				GCC_WARN_ABOUT_RETURN_TYPE = YES_ERROR;
				GCC_WARN_UNDECLARED_SELECTOR = YES;
				GCC_WARN_UNINITIALIZED_AUTOS = YES_AGGRESSIVE;
				GCC_WARN_UNUSED_FUNCTION = YES;
				GCC_WARN_UNUSED_VARIABLE = YES;
				IPHONEOS_DEPLOYMENT_TARGET = 17.2;
				LOCALIZATION_PREFERS_STRING_CATALOGS = YES;
				MTL_ENABLE_DEBUG_INFO = INCLUDE_SOURCE;
				MTL_FAST_MATH = YES;
				ONLY_ACTIVE_ARCH = YES;
				SDKROOT = iphoneos;
				SWIFT_ACTIVE_COMPILATION_CONDITIONS = "DEBUG $(inherited)";
				SWIFT_OPTIMIZATION_LEVEL = "-Onone";
			};
			name = Debug;
		};
		EEC0C3312B69E71E0094E043 /* Release */ = {
			isa = XCBuildConfiguration;
			buildSettings = {
				ALWAYS_SEARCH_USER_PATHS = NO;
				ASSETCATALOG_COMPILER_GENERATE_SWIFT_ASSET_SYMBOL_EXTENSIONS = YES;
				CLANG_ANALYZER_NONNULL = YES;
				CLANG_ANALYZER_NUMBER_OBJECT_CONVERSION = YES_AGGRESSIVE;
				CLANG_CXX_LANGUAGE_STANDARD = "gnu++20";
				CLANG_ENABLE_MODULES = YES;
				CLANG_ENABLE_OBJC_ARC = YES;
				CLANG_ENABLE_OBJC_WEAK = YES;
				CLANG_WARN_BLOCK_CAPTURE_AUTORELEASING = YES;
				CLANG_WARN_BOOL_CONVERSION = YES;
				CLANG_WARN_COMMA = YES;
				CLANG_WARN_CONSTANT_CONVERSION = YES;
				CLANG_WARN_DEPRECATED_OBJC_IMPLEMENTATIONS = YES;
				CLANG_WARN_DIRECT_OBJC_ISA_USAGE = YES_ERROR;
				CLANG_WARN_DOCUMENTATION_COMMENTS = YES;
				CLANG_WARN_EMPTY_BODY = YES;
				CLANG_WARN_ENUM_CONVERSION = YES;
				CLANG_WARN_INFINITE_RECURSION = YES;
				CLANG_WARN_INT_CONVERSION = YES;
				CLANG_WARN_NON_LITERAL_NULL_CONVERSION = YES;
				CLANG_WARN_OBJC_IMPLICIT_RETAIN_SELF = YES;
				CLANG_WARN_OBJC_LITERAL_CONVERSION = YES;
				CLANG_WARN_OBJC_ROOT_CLASS = YES_ERROR;
				CLANG_WARN_QUOTED_INCLUDE_IN_FRAMEWORK_HEADER = YES;
				CLANG_WARN_RANGE_LOOP_ANALYSIS = YES;
				CLANG_WARN_STRICT_PROTOTYPES = YES;
				CLANG_WARN_SUSPICIOUS_MOVE = YES;
				CLANG_WARN_UNGUARDED_AVAILABILITY = YES_AGGRESSIVE;
				CLANG_WARN_UNREACHABLE_CODE = YES;
				CLANG_WARN__DUPLICATE_METHOD_MATCH = YES;
				COPY_PHASE_STRIP = NO;
				DEBUG_INFORMATION_FORMAT = "dwarf-with-dsym";
				ENABLE_NS_ASSERTIONS = NO;
				ENABLE_STRICT_OBJC_MSGSEND = YES;
				ENABLE_USER_SCRIPT_SANDBOXING = YES;
				GCC_C_LANGUAGE_STANDARD = gnu17;
				GCC_NO_COMMON_BLOCKS = YES;
				GCC_WARN_64_TO_32_BIT_CONVERSION = YES;
				GCC_WARN_ABOUT_RETURN_TYPE = YES_ERROR;
				GCC_WARN_UNDECLARED_SELECTOR = YES;
				GCC_WARN_UNINITIALIZED_AUTOS = YES_AGGRESSIVE;
				GCC_WARN_UNUSED_FUNCTION = YES;
				GCC_WARN_UNUSED_VARIABLE = YES;
				IPHONEOS_DEPLOYMENT_TARGET = 17.2;
				LOCALIZATION_PREFERS_STRING_CATALOGS = YES;
				MTL_ENABLE_DEBUG_INFO = NO;
				MTL_FAST_MATH = YES;
				SDKROOT = iphoneos;
				SWIFT_COMPILATION_MODE = wholemodule;
				VALIDATE_PRODUCT = YES;
			};
			name = Release;
		};
		EEC0C3332B69E71E0094E043 /* Debug */ = {
			isa = XCBuildConfiguration;
			buildSettings = {
				ASSETCATALOG_COMPILER_APPICON_NAME = "iMessage App Icon";
				CODE_SIGN_STYLE = Automatic;
				CURRENT_PROJECT_VERSION = 1;
				DEVELOPMENT_TEAM = KP5XB6RW79;
				GENERATE_INFOPLIST_FILE = YES;
				INFOPLIST_FILE = "ChefyBeta MessagesExtension/Info.plist";
				INFOPLIST_KEY_CFBundleDisplayName = ChefyBeta;
				INFOPLIST_KEY_NSHumanReadableCopyright = "";
				LD_RUNPATH_SEARCH_PATHS = (
					"$(inherited)",
					"@executable_path/Frameworks",
					"@executable_path/../../Frameworks",
				);
				MARKETING_VERSION = 1.0;
				PRODUCT_BUNDLE_IDENTIFIER = com.brooke.ChefyBeta.MessagesExtension;
				PRODUCT_NAME = "$(TARGET_NAME)";
				SKIP_INSTALL = YES;
				SWIFT_EMIT_LOC_STRINGS = YES;
				SWIFT_VERSION = 5.0;
				TARGETED_DEVICE_FAMILY = "1,2";
			};
			name = Debug;
		};
		EEC0C3342B69E71E0094E043 /* Release */ = {
			isa = XCBuildConfiguration;
			buildSettings = {
				ASSETCATALOG_COMPILER_APPICON_NAME = "iMessage App Icon";
				CODE_SIGN_STYLE = Automatic;
				CURRENT_PROJECT_VERSION = 1;
				DEVELOPMENT_TEAM = KP5XB6RW79;
				GENERATE_INFOPLIST_FILE = YES;
				INFOPLIST_FILE = "ChefyBeta MessagesExtension/Info.plist";
				INFOPLIST_KEY_CFBundleDisplayName = ChefyBeta;
				INFOPLIST_KEY_NSHumanReadableCopyright = "";
				LD_RUNPATH_SEARCH_PATHS = (
					"$(inherited)",
					"@executable_path/Frameworks",
					"@executable_path/../../Frameworks",
				);
				MARKETING_VERSION = 1.0;
				PRODUCT_BUNDLE_IDENTIFIER = com.brooke.ChefyBeta.MessagesExtension;
				PRODUCT_NAME = "$(TARGET_NAME)";
				SKIP_INSTALL = YES;
				SWIFT_EMIT_LOC_STRINGS = YES;
				SWIFT_VERSION = 5.0;
				TARGETED_DEVICE_FAMILY = "1,2";
			};
			name = Release;
		};
		EEC0C3372B69E71E0094E043 /* Debug */ = {
			isa = XCBuildConfiguration;
			buildSettings = {
				ALWAYS_EMBED_SWIFT_STANDARD_LIBRARIES = YES;
				ASSETCATALOG_COMPILER_APPICON_NAME = AppIcon;
				CODE_SIGN_STYLE = Automatic;
				CURRENT_PROJECT_VERSION = 1;
				DEVELOPMENT_TEAM = KP5XB6RW79;
				GENERATE_INFOPLIST_FILE = YES;
				INFOPLIST_KEY_UILaunchStoryboardName = LaunchScreen;
				INFOPLIST_KEY_UISupportedInterfaceOrientations_iPad = "UIInterfaceOrientationPortrait UIInterfaceOrientationPortraitUpsideDown UIInterfaceOrientationLandscapeLeft UIInterfaceOrientationLandscapeRight";
				INFOPLIST_KEY_UISupportedInterfaceOrientations_iPhone = "UIInterfaceOrientationPortrait UIInterfaceOrientationLandscapeLeft UIInterfaceOrientationLandscapeRight";
				MARKETING_VERSION = 1.0;
				PRODUCT_BUNDLE_IDENTIFIER = com.brooke.ChefyBeta;
				PRODUCT_NAME = "$(TARGET_NAME)";
				SWIFT_EMIT_LOC_STRINGS = YES;
				SWIFT_VERSION = 5.0;
				TARGETED_DEVICE_FAMILY = "1,2";
			};
			name = Debug;
		};
		EEC0C3382B69E71E0094E043 /* Release */ = {
			isa = XCBuildConfiguration;
			buildSettings = {
				ALWAYS_EMBED_SWIFT_STANDARD_LIBRARIES = YES;
				ASSETCATALOG_COMPILER_APPICON_NAME = AppIcon;
				CODE_SIGN_STYLE = Automatic;
				CURRENT_PROJECT_VERSION = 1;
				DEVELOPMENT_TEAM = KP5XB6RW79;
				GENERATE_INFOPLIST_FILE = YES;
				INFOPLIST_KEY_UILaunchStoryboardName = LaunchScreen;
				INFOPLIST_KEY_UISupportedInterfaceOrientations_iPad = "UIInterfaceOrientationPortrait UIInterfaceOrientationPortraitUpsideDown UIInterfaceOrientationLandscapeLeft UIInterfaceOrientationLandscapeRight";
				INFOPLIST_KEY_UISupportedInterfaceOrientations_iPhone = "UIInterfaceOrientationPortrait UIInterfaceOrientationLandscapeLeft UIInterfaceOrientationLandscapeRight";
				MARKETING_VERSION = 1.0;
				PRODUCT_BUNDLE_IDENTIFIER = com.brooke.ChefyBeta;
				PRODUCT_NAME = "$(TARGET_NAME)";
				SWIFT_EMIT_LOC_STRINGS = YES;
				SWIFT_VERSION = 5.0;
				TARGETED_DEVICE_FAMILY = "1,2";
			};
			name = Release;
		};
/* End XCBuildConfiguration section */

/* Begin XCConfigurationList section */
		EEC0C3142B69E7120094E043 /* Build configuration list for PBXProject "ChefyBeta" */ = {
			isa = XCConfigurationList;
			buildConfigurations = (
				EEC0C3302B69E71E0094E043 /* Debug */,
				EEC0C3312B69E71E0094E043 /* Release */,
			);
			defaultConfigurationIsVisible = 0;
			defaultConfigurationName = Release;
		};
		EEC0C3322B69E71E0094E043 /* Build configuration list for PBXNativeTarget "ChefyBeta MessagesExtension" */ = {
			isa = XCConfigurationList;
			buildConfigurations = (
				EEC0C3332B69E71E0094E043 /* Debug */,
				EEC0C3342B69E71E0094E043 /* Release */,
			);
			defaultConfigurationIsVisible = 0;
			defaultConfigurationName = Release;
		};
		EEC0C3362B69E71E0094E043 /* Build configuration list for PBXNativeTarget "ChefyBeta" */ = {
			isa = XCConfigurationList;
			buildConfigurations = (
				EEC0C3372B69E71E0094E043 /* Debug */,
				EEC0C3382B69E71E0094E043 /* Release */,
			);
			defaultConfigurationIsVisible = 0;
			defaultConfigurationName = Release;
		};
/* End XCConfigurationList section */
	};
	rootObject = EEC0C3112B69E7120094E043 /* Project object */;
}
